{
  "object": {
    "pins": [
      {
        "package": "Realm",
        "repositoryURL": "https://github.com/realm/realm-cocoa",
        "state": {
          "branch": null,
          "revision": "5d296d8a3750ac86e731263b44e2ba0c3c85f2cb",
          "version": "5.3.2"
        }
      },
      {
        "package": "RealmCore",
        "repositoryURL": "https://github.com/realm/realm-core",
        "state": {
          "branch": null,
          "revision": "55a0d32516c0f3a5fd3ab8c0224ee22efcc7cd58",
          "version": "6.0.12"
        }
      }
    ]
  },
  "version": 1
}
