// !$*UTF8*$!
{
	archiveVersion = 1;
	classes = {
	};
	objectVersion = 50;
	objects = {

/* Begin PBXBuildFile section */
		11262BFC22318F1B00B9E29A /* EscapeStringForURL.swift in Sources */ = {isa = PBXBuildFile; fileRef = 11262BFB22318F1B00B9E29A /* EscapeStringForURL.swift */; };
		11824AC9222DCE39007DB98C /* AppDelegate.swift in Sources */ = {isa = PBXBuildFile; fileRef = 11824AC8222DCE39007DB98C /* AppDelegate.swift */; };
		11824ACB222DCE39007DB98C /* RhymeMeViewController.swift in Sources */ = {isa = PBXBuildFile; fileRef = 11824ACA222DCE39007DB98C /* RhymeMeViewController.swift */; };
		11824ACE222DCE39007DB98C /* Main.storyboard in Resources */ = {isa = PBXBuildFile; fileRef = 11824ACC222DCE39007DB98C /* Main.storyboard */; };
		11824AD3222DCE3A007DB98C /* Assets.xcassets in Resources */ = {isa = PBXBuildFile; fileRef = 11824AD2222DCE3A007DB98C /* Assets.xcassets */; };
		11824AD6222DCE3A007DB98C /* LaunchScreen.storyboard in Resources */ = {isa = PBXBuildFile; fileRef = 11824AD4222DCE3A007DB98C /* LaunchScreen.storyboard */; };
		11824AE4222DD18B007DB98C /* Networking.swift in Sources */ = {isa = PBXBuildFile; fileRef = 11824AE3222DD18B007DB98C /* Networking.swift */; };
		11824AEA222DDD1C007DB98C /* WordCell.swift in Sources */ = {isa = PBXBuildFile; fileRef = 11824AE9222DDD1C007DB98C /* WordCell.swift */; };
		1A1F43D722CE054000C2E61F /* Rimichka.xcdatamodeld in Sources */ = {isa = PBXBuildFile; fileRef = 11824ACF222DCE39007DB98C /* Rimichka.xcdatamodeld */; };
		1A1F43DB22CE2CF800C2E61F /* FavoriteRhymesViewController.swift in Sources */ = {isa = PBXBuildFile; fileRef = 1A1F43DA22CE2CF800C2E61F /* FavoriteRhymesViewController.swift */; };
		1A1F43E122CE64C100C2E61F /* RhymePair.swift in Sources */ = {isa = PBXBuildFile; fileRef = 1A1F43E022CE64C100C2E61F /* RhymePair.swift */; };
		1A1F43E322CE64F600C2E61F /* FetchedRhyme.swift in Sources */ = {isa = PBXBuildFile; fileRef = 1A1F43E222CE64F600C2E61F /* FetchedRhyme.swift */; };
		1A320FF522CCC534008C1CE8 /* FavoriteRhymes.swift in Sources */ = {isa = PBXBuildFile; fileRef = 1A320FF422CCC534008C1CE8 /* FavoriteRhymes.swift */; };
		1A320FFB22CCCE3C008C1CE8 /* DatabaseManager.swift in Sources */ = {isa = PBXBuildFile; fileRef = 1A320FFA22CCCE3C008C1CE8 /* DatabaseManager.swift */; };
/* End PBXBuildFile section */

/* Begin PBXFileReference section */
		11262BFB22318F1B00B9E29A /* EscapeStringForURL.swift */ = {isa = PBXFileReference; lastKnownFileType = sourcecode.swift; path = EscapeStringForURL.swift; sourceTree = "<group>"; };
		11824AC5222DCE39007DB98C /* Rimichka.app */ = {isa = PBXFileReference; explicitFileType = wrapper.application; includeInIndex = 0; path = Rimichka.app; sourceTree = BUILT_PRODUCTS_DIR; };
		11824AC8222DCE39007DB98C /* AppDelegate.swift */ = {isa = PBXFileReference; lastKnownFileType = sourcecode.swift; path = AppDelegate.swift; sourceTree = "<group>"; };
		11824ACA222DCE39007DB98C /* RhymeMeViewController.swift */ = {isa = PBXFileReference; lastKnownFileType = sourcecode.swift; path = RhymeMeViewController.swift; sourceTree = "<group>"; };
		11824ACD222DCE39007DB98C /* Base */ = {isa = PBXFileReference; lastKnownFileType = file.storyboard; name = Base; path = Base.lproj/Main.storyboard; sourceTree = "<group>"; };
		11824AD0222DCE39007DB98C /* Rimichka.xcdatamodel */ = {isa = PBXFileReference; lastKnownFileType = wrapper.xcdatamodel; path = Rimichka.xcdatamodel; sourceTree = "<group>"; };
		11824AD2222DCE3A007DB98C /* Assets.xcassets */ = {isa = PBXFileReference; lastKnownFileType = folder.assetcatalog; path = Assets.xcassets; sourceTree = "<group>"; };
		11824AD5222DCE3A007DB98C /* Base */ = {isa = PBXFileReference; lastKnownFileType = file.storyboard; name = Base; path = Base.lproj/LaunchScreen.storyboard; sourceTree = "<group>"; };
		11824AD7222DCE3A007DB98C /* Info.plist */ = {isa = PBXFileReference; lastKnownFileType = text.plist.xml; path = Info.plist; sourceTree = "<group>"; };
		11824AE3222DD18B007DB98C /* Networking.swift */ = {isa = PBXFileReference; lastKnownFileType = sourcecode.swift; path = Networking.swift; sourceTree = "<group>"; };
		11824AE9222DDD1C007DB98C /* WordCell.swift */ = {isa = PBXFileReference; lastKnownFileType = sourcecode.swift; path = WordCell.swift; sourceTree = "<group>"; };
		1A1F43DA22CE2CF800C2E61F /* FavoriteRhymesViewController.swift */ = {isa = PBXFileReference; lastKnownFileType = sourcecode.swift; path = FavoriteRhymesViewController.swift; sourceTree = "<group>"; };
		1A1F43DC22CE3AD100C2E61F /* RhymeEntity+CoreDataClass.swift */ = {isa = PBXFileReference; lastKnownFileType = sourcecode.swift; path = "RhymeEntity+CoreDataClass.swift"; sourceTree = "<group>"; };
		1A1F43DD22CE3AD100C2E61F /* RhymeEntity+CoreDataProperties.swift */ = {isa = PBXFileReference; lastKnownFileType = sourcecode.swift; path = "RhymeEntity+CoreDataProperties.swift"; sourceTree = "<group>"; };
		1A1F43E022CE64C100C2E61F /* RhymePair.swift */ = {isa = PBXFileReference; lastKnownFileType = sourcecode.swift; path = RhymePair.swift; sourceTree = "<group>"; };
		1A1F43E222CE64F600C2E61F /* FetchedRhyme.swift */ = {isa = PBXFileReference; lastKnownFileType = sourcecode.swift; path = FetchedRhyme.swift; sourceTree = "<group>"; };
		1A320FF422CCC534008C1CE8 /* FavoriteRhymes.swift */ = {isa = PBXFileReference; lastKnownFileType = sourcecode.swift; path = FavoriteRhymes.swift; sourceTree = "<group>"; };
		1A320FFA22CCCE3C008C1CE8 /* DatabaseManager.swift */ = {isa = PBXFileReference; lastKnownFileType = sourcecode.swift; path = DatabaseManager.swift; sourceTree = "<group>"; };
/* End PBXFileReference section */

/* Begin PBXFrameworksBuildPhase section */
		11824AC2222DCE39007DB98C /* Frameworks */ = {
			isa = PBXFrameworksBuildPhase;
			buildActionMask = 2147483647;
			files = (
			);
			runOnlyForDeploymentPostprocessing = 0;
		};
/* End PBXFrameworksBuildPhase section */

/* Begin PBXGroup section */
		11824ABC222DCE39007DB98C = {
			isa = PBXGroup;
			children = (
				11824AC7222DCE39007DB98C /* Rimichka */,
				11824AC6222DCE39007DB98C /* Products */,
			);
			sourceTree = "<group>";
		};
		11824AC6222DCE39007DB98C /* Products */ = {
			isa = PBXGroup;
			children = (
				11824AC5222DCE39007DB98C /* Rimichka.app */,
			);
			name = Products;
			sourceTree = "<group>";
		};
		11824AC7222DCE39007DB98C /* Rimichka */ = {
			isa = PBXGroup;
			children = (
				11824AC8222DCE39007DB98C /* AppDelegate.swift */,
				11824AE0222DD15D007DB98C /* Models */,
				11824AEB222DE135007DB98C /* Views */,
				11824ADF222DD139007DB98C /* ViewControllers */,
				1AF2702922CBA3AA005C7213 /* Storyboards */,
				1AF2702C22CBA889005C7213 /* Utilities */,
				11824AD2222DCE3A007DB98C /* Assets.xcassets */,
				11824AD7222DCE3A007DB98C /* Info.plist */,
				11824ACF222DCE39007DB98C /* Rimichka.xcdatamodeld */,
			);
			path = Rimichka;
			sourceTree = "<group>";
		};
		11824ADF222DD139007DB98C /* ViewControllers */ = {
			isa = PBXGroup;
			children = (
				11824ACA222DCE39007DB98C /* RhymeMeViewController.swift */,
				1A1F43DA22CE2CF800C2E61F /* FavoriteRhymesViewController.swift */,
			);
			path = ViewControllers;
			sourceTree = "<group>";
		};
		11824AE0222DD15D007DB98C /* Models */ = {
			isa = PBXGroup;
			children = (
				1A1F43E222CE64F600C2E61F /* FetchedRhyme.swift */,
				1A1F43E022CE64C100C2E61F /* RhymePair.swift */,
				1A320FF422CCC534008C1CE8 /* FavoriteRhymes.swift */,
				1A1F43DC22CE3AD100C2E61F /* RhymeEntity+CoreDataClass.swift */,
				1A1F43DD22CE3AD100C2E61F /* RhymeEntity+CoreDataProperties.swift */,
			);
			path = Models;
			sourceTree = "<group>";
		};
		11824AE6222DDC4B007DB98C /* Cells */ = {
			isa = PBXGroup;
			children = (
				11824AE9222DDD1C007DB98C /* WordCell.swift */,
			);
			path = Cells;
			sourceTree = "<group>";
		};
		11824AEB222DE135007DB98C /* Views */ = {
			isa = PBXGroup;
			children = (
				11824AE6222DDC4B007DB98C /* Cells */,
			);
			path = Views;
			sourceTree = "<group>";
		};
		1AF2702922CBA3AA005C7213 /* Storyboards */ = {
			isa = PBXGroup;
			children = (
				11824ACC222DCE39007DB98C /* Main.storyboard */,
				11824AD4222DCE3A007DB98C /* LaunchScreen.storyboard */,
			);
			path = Storyboards;
			sourceTree = "<group>";
		};
		1AF2702C22CBA889005C7213 /* Utilities */ = {
			isa = PBXGroup;
			children = (
				1A320FFA22CCCE3C008C1CE8 /* DatabaseManager.swift */,
				11824AE3222DD18B007DB98C /* Networking.swift */,
				11262BFB22318F1B00B9E29A /* EscapeStringForURL.swift */,
			);
			path = Utilities;
			sourceTree = "<group>";
		};
/* End PBXGroup section */

/* Begin PBXNativeTarget section */
		11824AC4222DCE39007DB98C /* Rimichka */ = {
			isa = PBXNativeTarget;
			buildConfigurationList = 11824ADA222DCE3A007DB98C /* Build configuration list for PBXNativeTarget "Rimichka" */;
			buildPhases = (
				11824AC1222DCE39007DB98C /* Sources */,
				11824AC2222DCE39007DB98C /* Frameworks */,
				11824AC3222DCE39007DB98C /* Resources */,
			);
			buildRules = (
			);
			dependencies = (
			);
			name = Rimichka;
			productName = Rimichka;
			productReference = 11824AC5222DCE39007DB98C /* Rimichka.app */;
			productType = "com.apple.product-type.application";
		};
/* End PBXNativeTarget section */

/* Begin PBXProject section */
		11824ABD222DCE39007DB98C /* Project object */ = {
			isa = PBXProject;
			attributes = {
				LastSwiftUpdateCheck = 1010;
				LastUpgradeCheck = 1010;
				ORGANIZATIONNAME = Yalishanda;
				TargetAttributes = {
					11824AC4222DCE39007DB98C = {
						CreatedOnToolsVersion = 10.1;
						LastSwiftMigration = 1020;
					};
				};
			};
			buildConfigurationList = 11824AC0222DCE39007DB98C /* Build configuration list for PBXProject "Rimichka" */;
			compatibilityVersion = "Xcode 9.3";
			developmentRegion = en;
			hasScannedForEncodings = 0;
			knownRegions = (
				en,
				Base,
			);
			mainGroup = 11824ABC222DCE39007DB98C;
			productRefGroup = 11824AC6222DCE39007DB98C /* Products */;
			projectDirPath = "";
			projectRoot = "";
			targets = (
				11824AC4222DCE39007DB98C /* Rimichka */,
			);
		};
/* End PBXProject section */

/* Begin PBXResourcesBuildPhase section */
		11824AC3222DCE39007DB98C /* Resources */ = {
			isa = PBXResourcesBuildPhase;
			buildActionMask = 2147483647;
			files = (
				11824AD6222DCE3A007DB98C /* LaunchScreen.storyboard in Resources */,
				11824AD3222DCE3A007DB98C /* Assets.xcassets in Resources */,
				11824ACE222DCE39007DB98C /* Main.storyboard in Resources */,
			);
			runOnlyForDeploymentPostprocessing = 0;
		};
/* End PBXResourcesBuildPhase section */

/* Begin PBXSourcesBuildPhase section */
		11824AC1222DCE39007DB98C /* Sources */ = {
			isa = PBXSourcesBuildPhase;
			buildActionMask = 2147483647;
			files = (
				11824AEA222DDD1C007DB98C /* WordCell.swift in Sources */,
				1A320FFB22CCCE3C008C1CE8 /* DatabaseManager.swift in Sources */,
				11824ACB222DCE39007DB98C /* RhymeMeViewController.swift in Sources */,
				11824AE4222DD18B007DB98C /* Networking.swift in Sources */,
				11262BFC22318F1B00B9E29A /* EscapeStringForURL.swift in Sources */,
				1A1F43E322CE64F600C2E61F /* FetchedRhyme.swift in Sources */,
				11824AC9222DCE39007DB98C /* AppDelegate.swift in Sources */,
				1A1F43DB22CE2CF800C2E61F /* FavoriteRhymesViewController.swift in Sources */,
				1A320FF522CCC534008C1CE8 /* FavoriteRhymes.swift in Sources */,
				1A1F43E122CE64C100C2E61F /* RhymePair.swift in Sources */,
				1A1F43D722CE054000C2E61F /* Rimichka.xcdatamodeld in Sources */,
			);
			runOnlyForDeploymentPostprocessing = 0;
		};
/* End PBXSourcesBuildPhase section */

/* Begin PBXVariantGroup section */
		11824ACC222DCE39007DB98C /* Main.storyboard */ = {
			isa = PBXVariantGroup;
			children = (
				11824ACD222DCE39007DB98C /* Base */,
			);
			name = Main.storyboard;
			sourceTree = "<group>";
		};
		11824AD4222DCE3A007DB98C /* LaunchScreen.storyboard */ = {
			isa = PBXVariantGroup;
			children = (
				11824AD5222DCE3A007DB98C /* Base */,
			);
			name = LaunchScreen.storyboard;
			sourceTree = "<group>";
		};
/* End PBXVariantGroup section */

/* Begin XCBuildConfiguration section */
		11824AD8222DCE3A007DB98C /* Debug */ = {
			isa = XCBuildConfiguration;
			buildSettings = {
				ALWAYS_SEARCH_USER_PATHS = NO;
				CLANG_ANALYZER_NONNULL = YES;
				CLANG_ANALYZER_NUMBER_OBJECT_CONVERSION = YES_AGGRESSIVE;
				CLANG_CXX_LANGUAGE_STANDARD = "gnu++14";
				CLANG_CXX_LIBRARY = "libc++";
				CLANG_ENABLE_MODULES = YES;
				CLANG_ENABLE_OBJC_ARC = YES;
				CLANG_ENABLE_OBJC_WEAK = YES;
				CLANG_WARN_BLOCK_CAPTURE_AUTORELEASING = YES;
				CLANG_WARN_BOOL_CONVERSION = YES;
				CLANG_WARN_COMMA = YES;
				CLANG_WARN_CONSTANT_CONVERSION = YES;
				CLANG_WARN_DEPRECATED_OBJC_IMPLEMENTATIONS = YES;
				CLANG_WARN_DIRECT_OBJC_ISA_USAGE = YES_ERROR;
				CLANG_WARN_DOCUMENTATION_COMMENTS = YES;
				CLANG_WARN_EMPTY_BODY = YES;
				CLANG_WARN_ENUM_CONVERSION = YES;
				CLANG_WARN_INFINITE_RECURSION = YES;
				CLANG_WARN_INT_CONVERSION = YES;
				CLANG_WARN_NON_LITERAL_NULL_CONVERSION = YES;
				CLANG_WARN_OBJC_IMPLICIT_RETAIN_SELF = YES;
				CLANG_WARN_OBJC_LITERAL_CONVERSION = YES;
				CLANG_WARN_OBJC_ROOT_CLASS = YES_ERROR;
				CLANG_WARN_RANGE_LOOP_ANALYSIS = YES;
				CLANG_WARN_STRICT_PROTOTYPES = YES;
				CLANG_WARN_SUSPICIOUS_MOVE = YES;
				CLANG_WARN_UNGUARDED_AVAILABILITY = YES_AGGRESSIVE;
				CLANG_WARN_UNREACHABLE_CODE = YES;
				CLANG_WARN__DUPLICATE_METHOD_MATCH = YES;
				CODE_SIGN_IDENTITY = "iPhone Developer";
				COPY_PHASE_STRIP = NO;
				DEBUG_INFORMATION_FORMAT = dwarf;
				ENABLE_STRICT_OBJC_MSGSEND = YES;
				ENABLE_TESTABILITY = YES;
				GCC_C_LANGUAGE_STANDARD = gnu11;
				GCC_DYNAMIC_NO_PIC = NO;
				GCC_NO_COMMON_BLOCKS = YES;
				GCC_OPTIMIZATION_LEVEL = 0;
				GCC_PREPROCESSOR_DEFINITIONS = (
					"DEBUG=1",
					"$(inherited)",
				);
				GCC_WARN_64_TO_32_BIT_CONVERSION = YES;
				GCC_WARN_ABOUT_RETURN_TYPE = YES_ERROR;
				GCC_WARN_UNDECLARED_SELECTOR = YES;
				GCC_WARN_UNINITIALIZED_AUTOS = YES_AGGRESSIVE;
				GCC_WARN_UNUSED_FUNCTION = YES;
				GCC_WARN_UNUSED_VARIABLE = YES;
				IPHONEOS_DEPLOYMENT_TARGET = 12.1;
				MTL_ENABLE_DEBUG_INFO = INCLUDE_SOURCE;
				MTL_FAST_MATH = YES;
				ONLY_ACTIVE_ARCH = YES;
				SDKROOT = iphoneos;
				SWIFT_ACTIVE_COMPILATION_CONDITIONS = DEBUG;
				SWIFT_OPTIMIZATION_LEVEL = "-Onone";
			};
			name = Debug;
		};
		11824AD9222DCE3A007DB98C /* Release */ = {
			isa = XCBuildConfiguration;
			buildSettings = {
				ALWAYS_SEARCH_USER_PATHS = NO;
				CLANG_ANALYZER_NONNULL = YES;
				CLANG_ANALYZER_NUMBER_OBJECT_CONVERSION = YES_AGGRESSIVE;
				CLANG_CXX_LANGUAGE_STANDARD = "gnu++14";
				CLANG_CXX_LIBRARY = "libc++";
				CLANG_ENABLE_MODULES = YES;
				CLANG_ENABLE_OBJC_ARC = YES;
				CLANG_ENABLE_OBJC_WEAK = YES;
				CLANG_WARN_BLOCK_CAPTURE_AUTORELEASING = YES;
				CLANG_WARN_BOOL_CONVERSION = YES;
				CLANG_WARN_COMMA = YES;
				CLANG_WARN_CONSTANT_CONVERSION = YES;
				CLANG_WARN_DEPRECATED_OBJC_IMPLEMENTATIONS = YES;
				CLANG_WARN_DIRECT_OBJC_ISA_USAGE = YES_ERROR;
				CLANG_WARN_DOCUMENTATION_COMMENTS = YES;
				CLANG_WARN_EMPTY_BODY = YES;
				CLANG_WARN_ENUM_CONVERSION = YES;
				CLANG_WARN_INFINITE_RECURSION = YES;
				CLANG_WARN_INT_CONVERSION = YES;
				CLANG_WARN_NON_LITERAL_NULL_CONVERSION = YES;
				CLANG_WARN_OBJC_IMPLICIT_RETAIN_SELF = YES;
				CLANG_WARN_OBJC_LITERAL_CONVERSION = YES;
				CLANG_WARN_OBJC_ROOT_CLASS = YES_ERROR;
				CLANG_WARN_RANGE_LOOP_ANALYSIS = YES;
				CLANG_WARN_STRICT_PROTOTYPES = YES;
				CLANG_WARN_SUSPICIOUS_MOVE = YES;
				CLANG_WARN_UNGUARDED_AVAILABILITY = YES_AGGRESSIVE;
				CLANG_WARN_UNREACHABLE_CODE = YES;
				CLANG_WARN__DUPLICATE_METHOD_MATCH = YES;
				CODE_SIGN_IDENTITY = "iPhone Developer";
				COPY_PHASE_STRIP = NO;
				DEBUG_INFORMATION_FORMAT = "dwarf-with-dsym";
				ENABLE_NS_ASSERTIONS = NO;
				ENABLE_STRICT_OBJC_MSGSEND = YES;
				GCC_C_LANGUAGE_STANDARD = gnu11;
				GCC_NO_COMMON_BLOCKS = YES;
				GCC_WARN_64_TO_32_BIT_CONVERSION = YES;
				GCC_WARN_ABOUT_RETURN_TYPE = YES_ERROR;
				GCC_WARN_UNDECLARED_SELECTOR = YES;
				GCC_WARN_UNINITIALIZED_AUTOS = YES_AGGRESSIVE;
				GCC_WARN_UNUSED_FUNCTION = YES;
				GCC_WARN_UNUSED_VARIABLE = YES;
				IPHONEOS_DEPLOYMENT_TARGET = 12.1;
				MTL_ENABLE_DEBUG_INFO = NO;
				MTL_FAST_MATH = YES;
				SDKROOT = iphoneos;
				SWIFT_COMPILATION_MODE = wholemodule;
				SWIFT_OPTIMIZATION_LEVEL = "-O";
				VALIDATE_PRODUCT = YES;
			};
			name = Release;
		};
		11824ADB222DCE3A007DB98C /* Debug */ = {
			isa = XCBuildConfiguration;
			buildSettings = {
				ASSETCATALOG_COMPILER_APPICON_NAME = AppIcon;
				CODE_SIGN_STYLE = Automatic;
				DEVELOPMENT_TEAM = 4643PTS49B;
				INFOPLIST_FILE = Rimichka/Info.plist;
				IPHONEOS_DEPLOYMENT_TARGET = 10;
				LD_RUNPATH_SEARCH_PATHS = (
					"$(inherited)",
					"@executable_path/Frameworks",
				);
				PRODUCT_BUNDLE_IDENTIFIER = com.Rimichka;
				PRODUCT_NAME = "$(TARGET_NAME)";
				SWIFT_VERSION = 5.0;
				TARGETED_DEVICE_FAMILY = "1,2";
			};
			name = Debug;
		};
		11824ADC222DCE3A007DB98C /* Release */ = {
			isa = XCBuildConfiguration;
			buildSettings = {
				ASSETCATALOG_COMPILER_APPICON_NAME = AppIcon;
				CODE_SIGN_STYLE = Automatic;
				DEVELOPMENT_TEAM = 4643PTS49B;
				INFOPLIST_FILE = Rimichka/Info.plist;
				IPHONEOS_DEPLOYMENT_TARGET = 10;
				LD_RUNPATH_SEARCH_PATHS = (
					"$(inherited)",
					"@executable_path/Frameworks",
				);
				PRODUCT_BUNDLE_IDENTIFIER = com.Rimichka;
				PRODUCT_NAME = "$(TARGET_NAME)";
				SWIFT_VERSION = 5.0;
				TARGETED_DEVICE_FAMILY = "1,2";
			};
			name = Release;
		};
/* End XCBuildConfiguration section */

/* Begin XCConfigurationList section */
		11824AC0222DCE39007DB98C /* Build configuration list for PBXProject "Rimichka" */ = {
			isa = XCConfigurationList;
			buildConfigurations = (
				11824AD8222DCE3A007DB98C /* Debug */,
				11824AD9222DCE3A007DB98C /* Release */,
			);
			defaultConfigurationIsVisible = 0;
			defaultConfigurationName = Release;
		};
		11824ADA222DCE3A007DB98C /* Build configuration list for PBXNativeTarget "Rimichka" */ = {
			isa = XCConfigurationList;
			buildConfigurations = (
				11824ADB222DCE3A007DB98C /* Debug */,
				11824ADC222DCE3A007DB98C /* Release */,
			);
			defaultConfigurationIsVisible = 0;
			defaultConfigurationName = Release;
		};
/* End XCConfigurationList section */

/* Begin XCVersionGroup section */
		11824ACF222DCE39007DB98C /* Rimichka.xcdatamodeld */ = {
			isa = XCVersionGroup;
			children = (
				11824AD0222DCE39007DB98C /* Rimichka.xcdatamodel */,
			);
			currentVersion = 11824AD0222DCE39007DB98C /* Rimichka.xcdatamodel */;
			path = Rimichka.xcdatamodeld;
			sourceTree = "<group>";
			versionGroupType = wrapper.xcdatamodel;
		};
/* End XCVersionGroup section */
	};
	rootObject = 11824ABD222DCE39007DB98C /* Project object */;
}
